// !$*UTF8*$!
{
	archiveVersion = 1;
	classes = {
	};
	objectVersion = 56;
	objects = {

/* Begin PBXBuildFile section */
		FB067EFB2BB41DBB0006B60F /* DownloadsViewController.swift in Sources */ = {isa = PBXBuildFile; fileRef = FB067EFA2BB41DBB0006B60F /* DownloadsViewController.swift */; };
		FB067EFD2BB41DC20006B60F /* SearchViewController.swift in Sources */ = {isa = PBXBuildFile; fileRef = FB067EFC2BB41DC20006B60F /* SearchViewController.swift */; };
		FB067EFF2BB41DC80006B60F /* UpcomingViewController.swift in Sources */ = {isa = PBXBuildFile; fileRef = FB067EFE2BB41DC80006B60F /* UpcomingViewController.swift */; };
		FB067F012BB41DCD0006B60F /* HomeViewController.swift in Sources */ = {isa = PBXBuildFile; fileRef = FB067F002BB41DCD0006B60F /* HomeViewController.swift */; };
		FB067F042BB42CF10006B60F /* SnapKit in Frameworks */ = {isa = PBXBuildFile; productRef = FB067F032BB42CF10006B60F /* SnapKit */; };
		FB067F062BB42CF10006B60F /* SnapKit-Dynamic in Frameworks */ = {isa = PBXBuildFile; productRef = FB067F052BB42CF10006B60F /* SnapKit-Dynamic */; };
		FB09DA192BBEA6100042934E /* CollectionViewTableViewCell.swift in Sources */ = {isa = PBXBuildFile; fileRef = FB09DA182BBEA6100042934E /* CollectionViewTableViewCell.swift */; };
		FB09DA1B2BBEA9440042934E /* CGFloat+Extension.swift in Sources */ = {isa = PBXBuildFile; fileRef = FB09DA1A2BBEA9440042934E /* CGFloat+Extension.swift */; };
		FB09DA1D2BBEAD880042934E /* MovieCollectionViewCell.swift in Sources */ = {isa = PBXBuildFile; fileRef = FB09DA1C2BBEAD880042934E /* MovieCollectionViewCell.swift */; };
		FB5D3A412BBFE04700764123 /* HomeHeaderView.swift in Sources */ = {isa = PBXBuildFile; fileRef = FB5D3A402BBFE04700764123 /* HomeHeaderView.swift */; };
		FB6287B52BAD78C900A75C51 /* AppDelegate.swift in Sources */ = {isa = PBXBuildFile; fileRef = FB6287B42BAD78C900A75C51 /* AppDelegate.swift */; };
		FB6287B72BAD78C900A75C51 /* SceneDelegate.swift in Sources */ = {isa = PBXBuildFile; fileRef = FB6287B62BAD78C900A75C51 /* SceneDelegate.swift */; };
		FB6287B92BAD78C900A75C51 /* MainTabBarController.swift in Sources */ = {isa = PBXBuildFile; fileRef = FB6287B82BAD78C900A75C51 /* MainTabBarController.swift */; };
		FB6287BE2BAD78CA00A75C51 /* Assets.xcassets in Resources */ = {isa = PBXBuildFile; fileRef = FB6287BD2BAD78CA00A75C51 /* Assets.xcassets */; };
		FB6287C12BAD78CA00A75C51 /* LaunchScreen.storyboard in Resources */ = {isa = PBXBuildFile; fileRef = FB6287BF2BAD78CA00A75C51 /* LaunchScreen.storyboard */; };
		FB8454AE2BDFB1F200ABF068 /* HomeViewModel.swift in Sources */ = {isa = PBXBuildFile; fileRef = FB8454AD2BDFB1F200ABF068 /* HomeViewModel.swift */; };
		FB8454B02BDFBCBF00ABF068 /* HomeViewModelBuilder.swift in Sources */ = {isa = PBXBuildFile; fileRef = FB8454AF2BDFBCBF00ABF068 /* HomeViewModelBuilder.swift */; };
		FB8454B22BDFCAD300ABF068 /* SectionTableView+Extension.swift in Sources */ = {isa = PBXBuildFile; fileRef = FB8454B12BDFCAD300ABF068 /* SectionTableView+Extension.swift */; };
		FBA111A02BDADDC0000A6E01 /* Movie.swift in Sources */ = {isa = PBXBuildFile; fileRef = FBA1119F2BDADDC0000A6E01 /* Movie.swift */; };
		FBBF08C42BD999C300F9412D /* APICaller.swift in Sources */ = {isa = PBXBuildFile; fileRef = FBBF08C32BD999C300F9412D /* APICaller.swift */; };
		FBBF08C72BD9AA2300F9412D /* HomeViewModelContracts.swift in Sources */ = {isa = PBXBuildFile; fileRef = FBBF08C62BD9AA2300F9412D /* HomeViewModelContracts.swift */; };
		FBC6DE9E2BCFDA1C00FE4A66 /* NetworkConstants.swift in Sources */ = {isa = PBXBuildFile; fileRef = FBC6DE9D2BCFDA1C00FE4A66 /* NetworkConstants.swift */; };
		FBCFCE552BC8274700E0BAED /* DownloadsViewModel.swift in Sources */ = {isa = PBXBuildFile; fileRef = FBCFCE542BC8274600E0BAED /* DownloadsViewModel.swift */; };
/* End PBXBuildFile section */

/* Begin PBXFileReference section */
		FB067EFA2BB41DBB0006B60F /* DownloadsViewController.swift */ = {isa = PBXFileReference; lastKnownFileType = sourcecode.swift; path = DownloadsViewController.swift; sourceTree = "<group>"; };
		FB067EFC2BB41DC20006B60F /* SearchViewController.swift */ = {isa = PBXFileReference; lastKnownFileType = sourcecode.swift; path = SearchViewController.swift; sourceTree = "<group>"; };
		FB067EFE2BB41DC80006B60F /* UpcomingViewController.swift */ = {isa = PBXFileReference; lastKnownFileType = sourcecode.swift; path = UpcomingViewController.swift; sourceTree = "<group>"; };
		FB067F002BB41DCD0006B60F /* HomeViewController.swift */ = {isa = PBXFileReference; lastKnownFileType = sourcecode.swift; path = HomeViewController.swift; sourceTree = "<group>"; };
		FB09DA182BBEA6100042934E /* CollectionViewTableViewCell.swift */ = {isa = PBXFileReference; lastKnownFileType = sourcecode.swift; path = CollectionViewTableViewCell.swift; sourceTree = "<group>"; };
		FB09DA1A2BBEA9440042934E /* CGFloat+Extension.swift */ = {isa = PBXFileReference; lastKnownFileType = sourcecode.swift; path = "CGFloat+Extension.swift"; sourceTree = "<group>"; };
		FB09DA1C2BBEAD880042934E /* MovieCollectionViewCell.swift */ = {isa = PBXFileReference; lastKnownFileType = sourcecode.swift; path = MovieCollectionViewCell.swift; sourceTree = "<group>"; };
		FB5D3A402BBFE04700764123 /* HomeHeaderView.swift */ = {isa = PBXFileReference; lastKnownFileType = sourcecode.swift; path = HomeHeaderView.swift; sourceTree = "<group>"; };
		FB6287B12BAD78C900A75C51 /* NetflixCloneMVVM.app */ = {isa = PBXFileReference; explicitFileType = wrapper.application; includeInIndex = 0; path = NetflixCloneMVVM.app; sourceTree = BUILT_PRODUCTS_DIR; };
		FB6287B42BAD78C900A75C51 /* AppDelegate.swift */ = {isa = PBXFileReference; lastKnownFileType = sourcecode.swift; path = AppDelegate.swift; sourceTree = "<group>"; };
		FB6287B62BAD78C900A75C51 /* SceneDelegate.swift */ = {isa = PBXFileReference; lastKnownFileType = sourcecode.swift; path = SceneDelegate.swift; sourceTree = "<group>"; };
		FB6287B82BAD78C900A75C51 /* MainTabBarController.swift */ = {isa = PBXFileReference; lastKnownFileType = sourcecode.swift; path = MainTabBarController.swift; sourceTree = "<group>"; };
		FB6287BD2BAD78CA00A75C51 /* Assets.xcassets */ = {isa = PBXFileReference; lastKnownFileType = folder.assetcatalog; path = Assets.xcassets; sourceTree = "<group>"; };
		FB6287C02BAD78CA00A75C51 /* Base */ = {isa = PBXFileReference; lastKnownFileType = file.storyboard; name = Base; path = Base.lproj/LaunchScreen.storyboard; sourceTree = "<group>"; };
		FB6287C22BAD78CA00A75C51 /* Info.plist */ = {isa = PBXFileReference; lastKnownFileType = text.plist.xml; path = Info.plist; sourceTree = "<group>"; };
		FB8454AD2BDFB1F200ABF068 /* HomeViewModel.swift */ = {isa = PBXFileReference; lastKnownFileType = sourcecode.swift; path = HomeViewModel.swift; sourceTree = "<group>"; };
		FB8454AF2BDFBCBF00ABF068 /* HomeViewModelBuilder.swift */ = {isa = PBXFileReference; lastKnownFileType = sourcecode.swift; path = HomeViewModelBuilder.swift; sourceTree = "<group>"; };
		FB8454B12BDFCAD300ABF068 /* SectionTableView+Extension.swift */ = {isa = PBXFileReference; lastKnownFileType = sourcecode.swift; path = "SectionTableView+Extension.swift"; sourceTree = "<group>"; };
		FBA1119F2BDADDC0000A6E01 /* Movie.swift */ = {isa = PBXFileReference; lastKnownFileType = sourcecode.swift; path = Movie.swift; sourceTree = "<group>"; };
		FBBF08C32BD999C300F9412D /* APICaller.swift */ = {isa = PBXFileReference; lastKnownFileType = sourcecode.swift; path = APICaller.swift; sourceTree = "<group>"; };
		FBBF08C62BD9AA2300F9412D /* HomeViewModelContracts.swift */ = {isa = PBXFileReference; lastKnownFileType = sourcecode.swift; path = HomeViewModelContracts.swift; sourceTree = "<group>"; };
		FBC6DE9D2BCFDA1C00FE4A66 /* NetworkConstants.swift */ = {isa = PBXFileReference; lastKnownFileType = sourcecode.swift; path = NetworkConstants.swift; sourceTree = "<group>"; };
		FBCFCE542BC8274600E0BAED /* DownloadsViewModel.swift */ = {isa = PBXFileReference; lastKnownFileType = sourcecode.swift; path = DownloadsViewModel.swift; sourceTree = "<group>"; };
/* End PBXFileReference section */

/* Begin PBXFrameworksBuildPhase section */
		FB6287AE2BAD78C900A75C51 /* Frameworks */ = {
			isa = PBXFrameworksBuildPhase;
			buildActionMask = 2147483647;
			files = (
				FB067F042BB42CF10006B60F /* SnapKit in Frameworks */,
				FB067F062BB42CF10006B60F /* SnapKit-Dynamic in Frameworks */,
			);
			runOnlyForDeploymentPostprocessing = 0;
		};
/* End PBXFrameworksBuildPhase section */

/* Begin PBXGroup section */
		FB067EF02BB41D180006B60F /* Support */ = {
			isa = PBXGroup;
			children = (
				FB6287BF2BAD78CA00A75C51 /* LaunchScreen.storyboard */,
				FB6287C22BAD78CA00A75C51 /* Info.plist */,
				FB6287BD2BAD78CA00A75C51 /* Assets.xcassets */,
				FB6287B62BAD78C900A75C51 /* SceneDelegate.swift */,
				FB6287B42BAD78C900A75C51 /* AppDelegate.swift */,
			);
			path = Support;
			sourceTree = "<group>";
		};
		FB067EF12BB41D1E0006B60F /* Manager */ = {
			isa = PBXGroup;
			children = (
			);
			path = Manager;
			sourceTree = "<group>";
		};
		FB067EF22BB41D230006B60F /* Extensions */ = {
			isa = PBXGroup;
			children = (
				FB09DA1A2BBEA9440042934E /* CGFloat+Extension.swift */,
				FB8454B12BDFCAD300ABF068 /* SectionTableView+Extension.swift */,
			);
			path = Extensions;
			sourceTree = "<group>";
		};
		FB067EF32BB41D2B0006B60F /* Model */ = {
			isa = PBXGroup;
			children = (
				FBA1119F2BDADDC0000A6E01 /* Movie.swift */,
			);
			path = Model;
			sourceTree = "<group>";
		};
		FB067EF42BB41D300006B60F /* Service */ = {
			isa = PBXGroup;
			children = (
				FBC6DE9D2BCFDA1C00FE4A66 /* NetworkConstants.swift */,
				FBBF08C32BD999C300F9412D /* APICaller.swift */,
			);
			path = Service;
			sourceTree = "<group>";
		};
		FB067EF52BB41D390006B60F /* Scene */ = {
			isa = PBXGroup;
			children = (
				FB6287B82BAD78C900A75C51 /* MainTabBarController.swift */,
				FB067EF92BB41D9B0006B60F /* DownloadsVC */,
				FB067EF82BB41D8A0006B60F /* SearchVC */,
				FB067EF72BB41D780006B60F /* UpcomingVC */,
				FB067EF62BB41D660006B60F /* HomeVC */,
			);
			path = Scene;
			sourceTree = "<group>";
		};
		FB067EF62BB41D660006B60F /* HomeVC */ = {
			isa = PBXGroup;
			children = (
				FBBF08C52BD9A9E900F9412D /* ViewModel */,
				FB5D3A3F2BBFE02C00764123 /* Views */,
				FB09DA172BBEA5E00042934E /* Cell */,
				FB067F002BB41DCD0006B60F /* HomeViewController.swift */,
			);
			path = HomeVC;
			sourceTree = "<group>";
		};
		FB067EF72BB41D780006B60F /* UpcomingVC */ = {
			isa = PBXGroup;
			children = (
				FB067EFE2BB41DC80006B60F /* UpcomingViewController.swift */,
			);
			path = UpcomingVC;
			sourceTree = "<group>";
		};
		FB067EF82BB41D8A0006B60F /* SearchVC */ = {
			isa = PBXGroup;
			children = (
				FB067EFC2BB41DC20006B60F /* SearchViewController.swift */,
			);
			path = SearchVC;
			sourceTree = "<group>";
		};
		FB067EF92BB41D9B0006B60F /* DownloadsVC */ = {
			isa = PBXGroup;
			children = (
				FB067EFA2BB41DBB0006B60F /* DownloadsViewController.swift */,
				FBCFCE542BC8274600E0BAED /* DownloadsViewModel.swift */,
			);
			path = DownloadsVC;
			sourceTree = "<group>";
		};
		FB09DA172BBEA5E00042934E /* Cell */ = {
			isa = PBXGroup;
			children = (
				FB09DA182BBEA6100042934E /* CollectionViewTableViewCell.swift */,
				FB09DA1C2BBEAD880042934E /* MovieCollectionViewCell.swift */,
			);
			path = Cell;
			sourceTree = "<group>";
		};
		FB5D3A3F2BBFE02C00764123 /* Views */ = {
			isa = PBXGroup;
			children = (
				FB5D3A402BBFE04700764123 /* HomeHeaderView.swift */,
			);
			path = Views;
			sourceTree = "<group>";
		};
		FB6287A82BAD78C900A75C51 = {
			isa = PBXGroup;
			children = (
				FB6287B32BAD78C900A75C51 /* NetflixCloneMVVM */,
				FB6287B22BAD78C900A75C51 /* Products */,
			);
			sourceTree = "<group>";
		};
		FB6287B22BAD78C900A75C51 /* Products */ = {
			isa = PBXGroup;
			children = (
				FB6287B12BAD78C900A75C51 /* NetflixCloneMVVM.app */,
			);
			name = Products;
			sourceTree = "<group>";
		};
		FB6287B32BAD78C900A75C51 /* NetflixCloneMVVM */ = {
			isa = PBXGroup;
			children = (
				FB067EF52BB41D390006B60F /* Scene */,
				FB067EF42BB41D300006B60F /* Service */,
				FB067EF32BB41D2B0006B60F /* Model */,
				FB067EF22BB41D230006B60F /* Extensions */,
				FB067EF12BB41D1E0006B60F /* Manager */,
				FB067EF02BB41D180006B60F /* Support */,
			);
			path = NetflixCloneMVVM;
			sourceTree = "<group>";
		};
		FBBF08C52BD9A9E900F9412D /* ViewModel */ = {
			isa = PBXGroup;
			children = (
				FBBF08C62BD9AA2300F9412D /* HomeViewModelContracts.swift */,
				FB8454AD2BDFB1F200ABF068 /* HomeViewModel.swift */,
				FB8454AF2BDFBCBF00ABF068 /* HomeViewModelBuilder.swift */,
			);
			path = ViewModel;
			sourceTree = "<group>";
		};
/* End PBXGroup section */

/* Begin PBXNativeTarget section */
		FB6287B02BAD78C900A75C51 /* NetflixCloneMVVM */ = {
			isa = PBXNativeTarget;
			buildConfigurationList = FB6287C52BAD78CA00A75C51 /* Build configuration list for PBXNativeTarget "NetflixCloneMVVM" */;
			buildPhases = (
				FB6287AD2BAD78C900A75C51 /* Sources */,
				FB6287AE2BAD78C900A75C51 /* Frameworks */,
				FB6287AF2BAD78C900A75C51 /* Resources */,
			);
			buildRules = (
			);
			dependencies = (
			);
			name = NetflixCloneMVVM;
			packageProductDependencies = (
				FB067F032BB42CF10006B60F /* SnapKit */,
				FB067F052BB42CF10006B60F /* SnapKit-Dynamic */,
			);
			productName = NetflixCloneMVVM;
			productReference = FB6287B12BAD78C900A75C51 /* NetflixCloneMVVM.app */;
			productType = "com.apple.product-type.application";
		};
/* End PBXNativeTarget section */

/* Begin PBXProject section */
		FB6287A92BAD78C900A75C51 /* Project object */ = {
			isa = PBXProject;
			attributes = {
				BuildIndependentTargetsInParallel = 1;
				LastSwiftUpdateCheck = 1520;
				LastUpgradeCheck = 1520;
				TargetAttributes = {
					FB6287B02BAD78C900A75C51 = {
						CreatedOnToolsVersion = 15.2;
					};
				};
			};
			buildConfigurationList = FB6287AC2BAD78C900A75C51 /* Build configuration list for PBXProject "NetflixCloneMVVM" */;
			compatibilityVersion = "Xcode 14.0";
			developmentRegion = en;
			hasScannedForEncodings = 0;
			knownRegions = (
				en,
				Base,
			);
			mainGroup = FB6287A82BAD78C900A75C51;
			packageReferences = (
				FB067F022BB42CF10006B60F /* XCRemoteSwiftPackageReference "SnapKit" */,
			);
			productRefGroup = FB6287B22BAD78C900A75C51 /* Products */;
			projectDirPath = "";
			projectRoot = "";
			targets = (
				FB6287B02BAD78C900A75C51 /* NetflixCloneMVVM */,
			);
		};
/* End PBXProject section */

/* Begin PBXResourcesBuildPhase section */
		FB6287AF2BAD78C900A75C51 /* Resources */ = {
			isa = PBXResourcesBuildPhase;
			buildActionMask = 2147483647;
			files = (
				FB6287C12BAD78CA00A75C51 /* LaunchScreen.storyboard in Resources */,
				FB6287BE2BAD78CA00A75C51 /* Assets.xcassets in Resources */,
			);
			runOnlyForDeploymentPostprocessing = 0;
		};
/* End PBXResourcesBuildPhase section */

/* Begin PBXSourcesBuildPhase section */
		FB6287AD2BAD78C900A75C51 /* Sources */ = {
			isa = PBXSourcesBuildPhase;
			buildActionMask = 2147483647;
			files = (
				FB8454AE2BDFB1F200ABF068 /* HomeViewModel.swift in Sources */,
				FBC6DE9E2BCFDA1C00FE4A66 /* NetworkConstants.swift in Sources */,
				FB067EFF2BB41DC80006B60F /* UpcomingViewController.swift in Sources */,
				FB067EFD2BB41DC20006B60F /* SearchViewController.swift in Sources */,
				FBBF08C42BD999C300F9412D /* APICaller.swift in Sources */,
				FBCFCE552BC8274700E0BAED /* DownloadsViewModel.swift in Sources */,
				FB09DA192BBEA6100042934E /* CollectionViewTableViewCell.swift in Sources */,
				FB8454B02BDFBCBF00ABF068 /* HomeViewModelBuilder.swift in Sources */,
				FBA111A02BDADDC0000A6E01 /* Movie.swift in Sources */,
				FB6287B92BAD78C900A75C51 /* MainTabBarController.swift in Sources */,
				FB8454B22BDFCAD300ABF068 /* SectionTableView+Extension.swift in Sources */,
				FB6287B52BAD78C900A75C51 /* AppDelegate.swift in Sources */,
				FBBF08C72BD9AA2300F9412D /* HomeViewModelContracts.swift in Sources */,
				FB09DA1B2BBEA9440042934E /* CGFloat+Extension.swift in Sources */,
				FB5D3A412BBFE04700764123 /* HomeHeaderView.swift in Sources */,
				FB067EFB2BB41DBB0006B60F /* DownloadsViewController.swift in Sources */,
				FB09DA1D2BBEAD880042934E /* MovieCollectionViewCell.swift in Sources */,
				FB067F012BB41DCD0006B60F /* HomeViewController.swift in Sources */,
				FB6287B72BAD78C900A75C51 /* SceneDelegate.swift in Sources */,
			);
			runOnlyForDeploymentPostprocessing = 0;
		};
/* End PBXSourcesBuildPhase section */

/* Begin PBXVariantGroup section */
		FB6287BF2BAD78CA00A75C51 /* LaunchScreen.storyboard */ = {
			isa = PBXVariantGroup;
			children = (
				FB6287C02BAD78CA00A75C51 /* Base */,
			);
			name = LaunchScreen.storyboard;
			sourceTree = "<group>";
		};
/* End PBXVariantGroup section */

/* Begin XCBuildConfiguration section */
		FB6287C32BAD78CA00A75C51 /* Debug */ = {
			isa = XCBuildConfiguration;
			buildSettings = {
				ALWAYS_SEARCH_USER_PATHS = NO;
				ASSETCATALOG_COMPILER_GENERATE_SWIFT_ASSET_SYMBOL_EXTENSIONS = YES;
				CLANG_ANALYZER_NONNULL = YES;
				CLANG_ANALYZER_NUMBER_OBJECT_CONVERSION = YES_AGGRESSIVE;
				CLANG_CXX_LANGUAGE_STANDARD = "gnu++20";
				CLANG_ENABLE_MODULES = YES;
				CLANG_ENABLE_OBJC_ARC = YES;
				CLANG_ENABLE_OBJC_WEAK = YES;
				CLANG_WARN_BLOCK_CAPTURE_AUTORELEASING = YES;
				CLANG_WARN_BOOL_CONVERSION = YES;
				CLANG_WARN_COMMA = YES;
				CLANG_WARN_CONSTANT_CONVERSION = YES;
				CLANG_WARN_DEPRECATED_OBJC_IMPLEMENTATIONS = YES;
				CLANG_WARN_DIRECT_OBJC_ISA_USAGE = YES_ERROR;
				CLANG_WARN_DOCUMENTATION_COMMENTS = YES;
				CLANG_WARN_EMPTY_BODY = YES;
				CLANG_WARN_ENUM_CONVERSION = YES;
				CLANG_WARN_INFINITE_RECURSION = YES;
				CLANG_WARN_INT_CONVERSION = YES;
				CLANG_WARN_NON_LITERAL_NULL_CONVERSION = YES;
				CLANG_WARN_OBJC_IMPLICIT_RETAIN_SELF = YES;
				CLANG_WARN_OBJC_LITERAL_CONVERSION = YES;
				CLANG_WARN_OBJC_ROOT_CLASS = YES_ERROR;
				CLANG_WARN_QUOTED_INCLUDE_IN_FRAMEWORK_HEADER = YES;
				CLANG_WARN_RANGE_LOOP_ANALYSIS = YES;
				CLANG_WARN_STRICT_PROTOTYPES = YES;
				CLANG_WARN_SUSPICIOUS_MOVE = YES;
				CLANG_WARN_UNGUARDED_AVAILABILITY = YES_AGGRESSIVE;
				CLANG_WARN_UNREACHABLE_CODE = YES;
				CLANG_WARN__DUPLICATE_METHOD_MATCH = YES;
				COPY_PHASE_STRIP = NO;
				DEBUG_INFORMATION_FORMAT = dwarf;
				ENABLE_STRICT_OBJC_MSGSEND = YES;
				ENABLE_TESTABILITY = YES;
				ENABLE_USER_SCRIPT_SANDBOXING = YES;
				GCC_C_LANGUAGE_STANDARD = gnu17;
				GCC_DYNAMIC_NO_PIC = NO;
				GCC_NO_COMMON_BLOCKS = YES;
				GCC_OPTIMIZATION_LEVEL = 0;
				GCC_PREPROCESSOR_DEFINITIONS = (
					"DEBUG=1",
					"$(inherited)",
				);
				GCC_WARN_64_TO_32_BIT_CONVERSION = YES;
				GCC_WARN_ABOUT_RETURN_TYPE = YES_ERROR;
				GCC_WARN_UNDECLARED_SELECTOR = YES;
				GCC_WARN_UNINITIALIZED_AUTOS = YES_AGGRESSIVE;
				GCC_WARN_UNUSED_FUNCTION = YES;
				GCC_WARN_UNUSED_VARIABLE = YES;
				IPHONEOS_DEPLOYMENT_TARGET = 17.2;
				LOCALIZATION_PREFERS_STRING_CATALOGS = YES;
				MTL_ENABLE_DEBUG_INFO = INCLUDE_SOURCE;
				MTL_FAST_MATH = YES;
				ONLY_ACTIVE_ARCH = YES;
				SDKROOT = iphoneos;
				SWIFT_ACTIVE_COMPILATION_CONDITIONS = "DEBUG $(inherited)";
				SWIFT_OPTIMIZATION_LEVEL = "-Onone";
			};
			name = Debug;
		};
		FB6287C42BAD78CA00A75C51 /* Release */ = {
			isa = XCBuildConfiguration;
			buildSettings = {
				ALWAYS_SEARCH_USER_PATHS = NO;
				ASSETCATALOG_COMPILER_GENERATE_SWIFT_ASSET_SYMBOL_EXTENSIONS = YES;
				CLANG_ANALYZER_NONNULL = YES;
				CLANG_ANALYZER_NUMBER_OBJECT_CONVERSION = YES_AGGRESSIVE;
				CLANG_CXX_LANGUAGE_STANDARD = "gnu++20";
				CLANG_ENABLE_MODULES = YES;
				CLANG_ENABLE_OBJC_ARC = YES;
				CLANG_ENABLE_OBJC_WEAK = YES;
				CLANG_WARN_BLOCK_CAPTURE_AUTORELEASING = YES;
				CLANG_WARN_BOOL_CONVERSION = YES;
				CLANG_WARN_COMMA = YES;
				CLANG_WARN_CONSTANT_CONVERSION = YES;
				CLANG_WARN_DEPRECATED_OBJC_IMPLEMENTATIONS = YES;
				CLANG_WARN_DIRECT_OBJC_ISA_USAGE = YES_ERROR;
				CLANG_WARN_DOCUMENTATION_COMMENTS = YES;
				CLANG_WARN_EMPTY_BODY = YES;
				CLANG_WARN_ENUM_CONVERSION = YES;
				CLANG_WARN_INFINITE_RECURSION = YES;
				CLANG_WARN_INT_CONVERSION = YES;
				CLANG_WARN_NON_LITERAL_NULL_CONVERSION = YES;
				CLANG_WARN_OBJC_IMPLICIT_RETAIN_SELF = YES;
				CLANG_WARN_OBJC_LITERAL_CONVERSION = YES;
				CLANG_WARN_OBJC_ROOT_CLASS = YES_ERROR;
				CLANG_WARN_QUOTED_INCLUDE_IN_FRAMEWORK_HEADER = YES;
				CLANG_WARN_RANGE_LOOP_ANALYSIS = YES;
				CLANG_WARN_STRICT_PROTOTYPES = YES;
				CLANG_WARN_SUSPICIOUS_MOVE = YES;
				CLANG_WARN_UNGUARDED_AVAILABILITY = YES_AGGRESSIVE;
				CLANG_WARN_UNREACHABLE_CODE = YES;
				CLANG_WARN__DUPLICATE_METHOD_MATCH = YES;
				COPY_PHASE_STRIP = NO;
				DEBUG_INFORMATION_FORMAT = "dwarf-with-dsym";
				ENABLE_NS_ASSERTIONS = NO;
				ENABLE_STRICT_OBJC_MSGSEND = YES;
				ENABLE_USER_SCRIPT_SANDBOXING = YES;
				GCC_C_LANGUAGE_STANDARD = gnu17;
				GCC_NO_COMMON_BLOCKS = YES;
				GCC_WARN_64_TO_32_BIT_CONVERSION = YES;
				GCC_WARN_ABOUT_RETURN_TYPE = YES_ERROR;
				GCC_WARN_UNDECLARED_SELECTOR = YES;
				GCC_WARN_UNINITIALIZED_AUTOS = YES_AGGRESSIVE;
				GCC_WARN_UNUSED_FUNCTION = YES;
				GCC_WARN_UNUSED_VARIABLE = YES;
				IPHONEOS_DEPLOYMENT_TARGET = 17.2;
				LOCALIZATION_PREFERS_STRING_CATALOGS = YES;
				MTL_ENABLE_DEBUG_INFO = NO;
				MTL_FAST_MATH = YES;
				SDKROOT = iphoneos;
				SWIFT_COMPILATION_MODE = wholemodule;
				VALIDATE_PRODUCT = YES;
			};
			name = Release;
		};
		FB6287C62BAD78CA00A75C51 /* Debug */ = {
			isa = XCBuildConfiguration;
			buildSettings = {
				ASSETCATALOG_COMPILER_APPICON_NAME = AppIcon;
				ASSETCATALOG_COMPILER_GLOBAL_ACCENT_COLOR_NAME = AccentColor;
				CODE_SIGN_STYLE = Automatic;
				CURRENT_PROJECT_VERSION = 1;
				DEVELOPMENT_TEAM = HM232RT6TS;
				GENERATE_INFOPLIST_FILE = YES;
				INFOPLIST_FILE = NetflixCloneMVVM/Support/Info.plist;
				INFOPLIST_KEY_UIApplicationSupportsIndirectInputEvents = YES;
				INFOPLIST_KEY_UILaunchStoryboardName = LaunchScreen;
				INFOPLIST_KEY_UISupportedInterfaceOrientations_iPad = "UIInterfaceOrientationPortrait UIInterfaceOrientationPortraitUpsideDown UIInterfaceOrientationLandscapeLeft UIInterfaceOrientationLandscapeRight";
				INFOPLIST_KEY_UISupportedInterfaceOrientations_iPhone = "UIInterfaceOrientationPortrait UIInterfaceOrientationLandscapeLeft UIInterfaceOrientationLandscapeRight";
				LD_RUNPATH_SEARCH_PATHS = (
					"$(inherited)",
					"@executable_path/Frameworks",
				);
				MARKETING_VERSION = 1.0;
				PRODUCT_BUNDLE_IDENTIFIER = OrionInnovation.NetflixCloneMVVM;
				PRODUCT_NAME = "$(TARGET_NAME)";
				SWIFT_EMIT_LOC_STRINGS = YES;
				SWIFT_VERSION = 5.0;
				TARGETED_DEVICE_FAMILY = "1,2";
			};
			name = Debug;
		};
		FB6287C72BAD78CA00A75C51 /* Release */ = {
			isa = XCBuildConfiguration;
			buildSettings = {
				ASSETCATALOG_COMPILER_APPICON_NAME = AppIcon;
				ASSETCATALOG_COMPILER_GLOBAL_ACCENT_COLOR_NAME = AccentColor;
				CODE_SIGN_STYLE = Automatic;
				CURRENT_PROJECT_VERSION = 1;
				DEVELOPMENT_TEAM = HM232RT6TS;
				GENERATE_INFOPLIST_FILE = YES;
				INFOPLIST_FILE = NetflixCloneMVVM/Support/Info.plist;
				INFOPLIST_KEY_UIApplicationSupportsIndirectInputEvents = YES;
				INFOPLIST_KEY_UILaunchStoryboardName = LaunchScreen;
				INFOPLIST_KEY_UISupportedInterfaceOrientations_iPad = "UIInterfaceOrientationPortrait UIInterfaceOrientationPortraitUpsideDown UIInterfaceOrientationLandscapeLeft UIInterfaceOrientationLandscapeRight";
				INFOPLIST_KEY_UISupportedInterfaceOrientations_iPhone = "UIInterfaceOrientationPortrait UIInterfaceOrientationLandscapeLeft UIInterfaceOrientationLandscapeRight";
				LD_RUNPATH_SEARCH_PATHS = (
					"$(inherited)",
					"@executable_path/Frameworks",
				);
				MARKETING_VERSION = 1.0;
				PRODUCT_BUNDLE_IDENTIFIER = OrionInnovation.NetflixCloneMVVM;
				PRODUCT_NAME = "$(TARGET_NAME)";
				SWIFT_EMIT_LOC_STRINGS = YES;
				SWIFT_VERSION = 5.0;
				TARGETED_DEVICE_FAMILY = "1,2";
			};
			name = Release;
		};
/* End XCBuildConfiguration section */

/* Begin XCConfigurationList section */
		FB6287AC2BAD78C900A75C51 /* Build configuration list for PBXProject "NetflixCloneMVVM" */ = {
			isa = XCConfigurationList;
			buildConfigurations = (
				FB6287C32BAD78CA00A75C51 /* Debug */,
				FB6287C42BAD78CA00A75C51 /* Release */,
			);
			defaultConfigurationIsVisible = 0;
			defaultConfigurationName = Release;
		};
		FB6287C52BAD78CA00A75C51 /* Build configuration list for PBXNativeTarget "NetflixCloneMVVM" */ = {
			isa = XCConfigurationList;
			buildConfigurations = (
				FB6287C62BAD78CA00A75C51 /* Debug */,
				FB6287C72BAD78CA00A75C51 /* Release */,
			);
			defaultConfigurationIsVisible = 0;
			defaultConfigurationName = Release;
		};
/* End XCConfigurationList section */

/* Begin XCRemoteSwiftPackageReference section */
		FB067F022BB42CF10006B60F /* XCRemoteSwiftPackageReference "SnapKit" */ = {
			isa = XCRemoteSwiftPackageReference;
			repositoryURL = "https://github.com/SnapKit/SnapKit.git";
			requirement = {
				kind = upToNextMajorVersion;
				minimumVersion = 5.7.1;
			};
		};
/* End XCRemoteSwiftPackageReference section */

/* Begin XCSwiftPackageProductDependency section */
		FB067F032BB42CF10006B60F /* SnapKit */ = {
			isa = XCSwiftPackageProductDependency;
			package = FB067F022BB42CF10006B60F /* XCRemoteSwiftPackageReference "SnapKit" */;
			productName = SnapKit;
		};
		FB067F052BB42CF10006B60F /* SnapKit-Dynamic */ = {
			isa = XCSwiftPackageProductDependency;
			package = FB067F022BB42CF10006B60F /* XCRemoteSwiftPackageReference "SnapKit" */;
			productName = "SnapKit-Dynamic";
		};
/* End XCSwiftPackageProductDependency section */
	};
	rootObject = FB6287A92BAD78C900A75C51 /* Project object */;
}
